// !$*UTF8*$!
{
	archiveVersion = 1;
	classes = {
	};
	objectVersion = 56;
	objects = {

/* Begin PBXBuildFile section */
		A1000001 /* BuyOrNotApp.swift in Sources */ = {isa = PBXBuildFile; fileRef = B1000001 /* BuyOrNotApp.swift */; };
		A1000002 /* ContentView.swift in Sources */ = {isa = PBXBuildFile; fileRef = B1000002 /* ContentView.swift */; };
		A1000003 /* Product.swift in Sources */ = {isa = PBXBuildFile; fileRef = B1000003 /* Product.swift */; };
		A1000004 /* ReviewData.swift in Sources */ = {isa = PBXBuildFile; fileRef = B1000004 /* ReviewData.swift */; };
		A1000005 /* Judgement.swift in Sources */ = {isa = PBXBuildFile; fileRef = B1000005 /* Judgement.swift */; };
		A1000006 /* ResultView.swift in Sources */ = {isa = PBXBuildFile; fileRef = B1000006 /* ResultView.swift */; };
		A1000007 /* ResultViewModel.swift in Sources */ = {isa = PBXBuildFile; fileRef = B1000007 /* ResultViewModel.swift */; };
		A1000008 /* Assets.xcassets in Resources */ = {isa = PBXBuildFile; fileRef = B1000008 /* Assets.xcassets */; };
		A1000009 /* IrukaCharacter.swift in Sources */ = {isa = PBXBuildFile; fileRef = B1000009 /* IrukaCharacter.swift */; };
		A1000010 /* ClaudeService.swift in Sources */ = {isa = PBXBuildFile; fileRef = B1000010 /* ClaudeService.swift */; };
		A1000011 /* CameraPreview.swift in Sources */ = {isa = PBXBuildFile; fileRef = B1000011 /* CameraPreview.swift */; };
		A1000012 /* InputViewModel.swift in Sources */ = {isa = PBXBuildFile; fileRef = B1000012 /* InputViewModel.swift */; };
		A1000013 /* InputView.swift in Sources */ = {isa = PBXBuildFile; fileRef = B1000013 /* InputView.swift */; };
		A1000014 /* HomeView.swift in Sources */ = {isa = PBXBuildFile; fileRef = B1000014 /* HomeView.swift */; };
		A1000015 /* ConfirmViewModel.swift in Sources */ = {isa = PBXBuildFile; fileRef = B1000015 /* ConfirmViewModel.swift */; };
		A1000016 /* ConfirmView.swift in Sources */ = {isa = PBXBuildFile; fileRef = B1000016 /* ConfirmView.swift */; };
/* End PBXBuildFile section */

/* Begin PBXFileReference section */
		B1000001 /* BuyOrNotApp.swift */ = {isa = PBXFileReference; lastKnownFileType = sourcecode.swift; path = BuyOrNotApp.swift; sourceTree = "<group>"; };
		B1000002 /* ContentView.swift */ = {isa = PBXFileReference; lastKnownFileType = sourcecode.swift; path = ContentView.swift; sourceTree = "<group>"; };
		B1000003 /* Product.swift */ = {isa = PBXFileReference; lastKnownFileType = sourcecode.swift; path = Product.swift; sourceTree = "<group>"; };
		B1000004 /* ReviewData.swift */ = {isa = PBXFileReference; lastKnownFileType = sourcecode.swift; path = ReviewData.swift; sourceTree = "<group>"; };
		B1000005 /* Judgement.swift */ = {isa = PBXFileReference; lastKnownFileType = sourcecode.swift; path = Judgement.swift; sourceTree = "<group>"; };
		B1000006 /* ResultView.swift */ = {isa = PBXFileReference; lastKnownFileType = sourcecode.swift; path = ResultView.swift; sourceTree = "<group>"; };
		B1000007 /* ResultViewModel.swift */ = {isa = PBXFileReference; lastKnownFileType = sourcecode.swift; path = ResultViewModel.swift; sourceTree = "<group>"; };
		B1000008 /* Assets.xcassets */ = {isa = PBXFileReference; lastKnownFileType = folder.assetcatalog; path = Assets.xcassets; sourceTree = "<group>"; };
		B1000009 /* IrukaCharacter.swift */ = {isa = PBXFileReference; lastKnownFileType = sourcecode.swift; path = IrukaCharacter.swift; sourceTree = "<group>"; };
		B1000010 /* ClaudeService.swift */ = {isa = PBXFileReference; lastKnownFileType = sourcecode.swift; path = ClaudeService.swift; sourceTree = "<group>"; };
		B1000011 /* CameraPreview.swift */ = {isa = PBXFileReference; lastKnownFileType = sourcecode.swift; path = CameraPreview.swift; sourceTree = "<group>"; };
		B1000012 /* InputViewModel.swift */ = {isa = PBXFileReference; lastKnownFileType = sourcecode.swift; path = InputViewModel.swift; sourceTree = "<group>"; };
		B1000013 /* InputView.swift */ = {isa = PBXFileReference; lastKnownFileType = sourcecode.swift; path = InputView.swift; sourceTree = "<group>"; };
		B1000014 /* HomeView.swift */ = {isa = PBXFileReference; lastKnownFileType = sourcecode.swift; path = HomeView.swift; sourceTree = "<group>"; };
		B1000015 /* ConfirmViewModel.swift */ = {isa = PBXFileReference; lastKnownFileType = sourcecode.swift; path = ConfirmViewModel.swift; sourceTree = "<group>"; };
		B1000016 /* ConfirmView.swift */ = {isa = PBXFileReference; lastKnownFileType = sourcecode.swift; path = ConfirmView.swift; sourceTree = "<group>"; };
		C1000001 /* BuyOrNot.app */ = {isa = PBXFileReference; explicitFileType = wrapper.application; includeInIndex = 0; path = BuyOrNot.app; sourceTree = BUILT_PRODUCTS_DIR; };
/* End PBXFileReference section */

/* Begin PBXFrameworksBuildPhase section */
		D1000001 /* Frameworks */ = {
			isa = PBXFrameworksBuildPhase;
			buildActionMask = 2147483647;
			files = (
			);
			runOnlyForDeploymentPostprocessing = 0;
		};
/* End PBXFrameworksBuildPhase section */

/* Begin PBXGroup section */
		E1000001 = {
			isa = PBXGroup;
			children = (
				E1000002 /* BuyOrNot */,
				E1000009 /* Products */,
			);
			sourceTree = "<group>";
		};
		E1000002 /* BuyOrNot */ = {
			isa = PBXGroup;
			children = (
				E1000003 /* App */,
				E1000004 /* Features */,
				E1000007 /* Models */,
				E1000008 /* Resources */,
				E1000011 /* Services */,
			);
			path = BuyOrNot;
			sourceTree = "<group>";
		};
		E1000003 /* App */ = {
			isa = PBXGroup;
			children = (
				B1000001 /* BuyOrNotApp.swift */,
				B1000002 /* ContentView.swift */,
			);
			path = App;
			sourceTree = "<group>";
		};
		E1000004 /* Features */ = {
			isa = PBXGroup;
			children = (
				E1000006 /* Components */,
				E1000012 /* Confirm */,
				E1000010 /* Input */,
				E1000013 /* Home */,
				E1000005 /* Result */,
			);
			path = Features;
			sourceTree = "<group>";
		};
		E1000005 /* Result */ = {
			isa = PBXGroup;
			children = (
				B1000006 /* ResultView.swift */,
				B1000007 /* ResultViewModel.swift */,
			);
			path = Result;
			sourceTree = "<group>";
		};
		E1000006 /* Components */ = {
			isa = PBXGroup;
			children = (
				B1000009 /* IrukaCharacter.swift */,
			);
			path = Components;
			sourceTree = "<group>";
		};
		E1000007 /* Models */ = {
			isa = PBXGroup;
			children = (
				B1000003 /* Product.swift */,
				B1000004 /* ReviewData.swift */,
				B1000005 /* Judgement.swift */,
			);
			path = Models;
			sourceTree = "<group>";
		};
		E1000008 /* Resources */ = {
			isa = PBXGroup;
			children = (
				B1000008 /* Assets.xcassets */,
			);
			path = Resources;
			sourceTree = "<group>";
		};
		E1000009 /* Products */ = {
			isa = PBXGroup;
			children = (
				C1000001 /* BuyOrNot.app */,
			);
			name = Products;
			sourceTree = "<group>";
		};
		E1000010 /* Input */ = {
			isa = PBXGroup;
			children = (
				B1000011 /* CameraPreview.swift */,
				B1000012 /* InputViewModel.swift */,
				B1000013 /* InputView.swift */,
			);
			path = Input;
			sourceTree = "<group>";
		};
		E1000011 /* Services */ = {
			isa = PBXGroup;
			children = (
				B1000010 /* ClaudeService.swift */,
			);
			path = Services;
			sourceTree = "<group>";
		};
		E1000012 /* Confirm */ = {
			isa = PBXGroup;
			children = (
				B1000015 /* ConfirmViewModel.swift */,
				B1000016 /* ConfirmView.swift */,
			);
			path = Confirm;
			sourceTree = "<group>";
		};
		E1000013 /* Home */ = {
			isa = PBXGroup;
			children = (
				B1000014 /* HomeView.swift */,
			);
			path = Home;
			sourceTree = "<group>";
		};
/* End PBXGroup section */

/* Begin PBXNativeTarget section */
		F1000001 /* BuyOrNot */ = {
			isa = PBXNativeTarget;
			buildConfigurationList = G1000003 /* Build configuration list for PBXNativeTarget "BuyOrNot" */;
			buildPhases = (
				F1000002 /* Sources */,
				D1000001 /* Frameworks */,
				F1000003 /* Resources */,
			);
			buildRules = (
			);
			dependencies = (
			);
			name = BuyOrNot;
			productName = BuyOrNot;
			productReference = C1000001 /* BuyOrNot.app */;
			productType = "com.apple.product-type.application";
		};
/* End PBXNativeTarget section */

/* Begin PBXProject section */
		F1000004 /* Project object */ = {
			isa = PBXProject;
			attributes = {
				BuildIndependentTargetsInParallel = 1;
				LastSwiftUpdateCheck = 1540;
				LastUpgradeCheck = 1540;
				TargetAttributes = {
					F1000001 = {
						CreatedOnToolsVersion = 15.4;
					};
				};
			};
			buildConfigurationList = G1000001 /* Build configuration list for PBXProject "BuyOrNot" */;
			compatibilityVersion = "Xcode 14.0";
			developmentRegion = ja;
			hasScannedForEncodings = 0;
			knownRegions = (
				en,
				Base,
				ja,
			);
			mainGroup = E1000001;
			productRefGroup = E1000009 /* Products */;
			projectDirPath = "";
			projectRoot = "";
			targets = (
				F1000001 /* BuyOrNot */,
			);
		};
/* End PBXProject section */

/* Begin PBXResourcesBuildPhase section */
		F1000003 /* Resources */ = {
			isa = PBXResourcesBuildPhase;
			buildActionMask = 2147483647;
			files = (
				A1000008 /* Assets.xcassets in Resources */,
			);
			runOnlyForDeploymentPostprocessing = 0;
		};
/* End PBXResourcesBuildPhase section */

/* Begin PBXSourcesBuildPhase section */
		F1000002 /* Sources */ = {
			isa = PBXSourcesBuildPhase;
			buildActionMask = 2147483647;
			files = (
				A1000001 /* BuyOrNotApp.swift in Sources */,
				A1000002 /* ContentView.swift in Sources */,
				A1000003 /* Product.swift in Sources */,
				A1000004 /* ReviewData.swift in Sources */,
				A1000005 /* Judgement.swift in Sources */,
				A1000006 /* ResultView.swift in Sources */,
				A1000007 /* ResultViewModel.swift in Sources */,
				A1000009 /* IrukaCharacter.swift in Sources */,
				A1000010 /* ClaudeService.swift in Sources */,
				A1000011 /* CameraPreview.swift in Sources */,
				A1000012 /* InputViewModel.swift in Sources */,
				A1000013 /* InputView.swift in Sources */,
				A1000014 /* HomeView.swift in Sources */,
				A1000015 /* ConfirmViewModel.swift in Sources */,
				A1000016 /* ConfirmView.swift in Sources */,
			);
			runOnlyForDeploymentPostprocessing = 0;
		};
/* End PBXSourcesBuildPhase section */

/* Begin XCBuildConfiguration section */
		G1000004 /* Debug */ = {
			isa = XCBuildConfiguration;
			buildSettings = {
				ALWAYS_SEARCH_USER_PATHS = NO;
				ASSETCATALOG_COMPILER_GENERATE_SWIFT_ASSET_SYMBOL_EXTENSIONS = YES;
				CLANG_ANALYZER_NONNULL = YES;
				CLANG_ANALYZER_NUMBER_OBJECT_CONVERSION = YES_AGGRESSIVE;
				CLANG_CXX_LANGUAGE_STANDARD = "gnu++20";
				CLANG_ENABLE_MODULES = YES;
				CLANG_ENABLE_OBJC_ARC = YES;
				CLANG_ENABLE_OBJC_WEAK = YES;
				CLANG_WARN_BLOCK_CAPTURE_AUTORELEASING = YES;
				CLANG_WARN_BOOL_CONVERSION = YES;
				CLANG_WARN_COMMA = YES;
				CLANG_WARN_CONSTANT_CONVERSION = YES;
				CLANG_WARN_DEPRECATED_OBJC_IMPLEMENTATIONS = YES;
				CLANG_WARN_DIRECT_OBJC_ISA_USAGE = YES_ERROR;
				CLANG_WARN_DOCUMENTATION_COMMENTS = YES;
				CLANG_WARN_EMPTY_BODY = YES;
				CLANG_WARN_ENUM_CONVERSION = YES;
				CLANG_WARN_INFINITE_RECURSION = YES;
				CLANG_WARN_INT_CONVERSION = YES;
				CLANG_WARN_NON_LITERAL_NULL_CONVERSION = YES;
				CLANG_WARN_OBJC_IMPLICIT_RETAIN_SELF = YES;
				CLANG_WARN_OBJC_LITERAL_CONVERSION = YES;
				CLANG_WARN_OBJC_ROOT_CLASS = YES_ERROR;
				CLANG_WARN_QUOTED_INCLUDE_IN_FRAMEWORK_HEADER = YES;
				CLANG_WARN_RANGE_LOOP_ANALYSIS = YES;
				CLANG_WARN_STRICT_PROTOTYPES = YES;
				CLANG_WARN_SUSPICIOUS_MOVE = YES;
				CLANG_WARN_UNGUARDED_AVAILABILITY = YES_AGGRESSIVE;
				CLANG_WARN_UNREACHABLE_CODE = YES;
				CLANG_WARN__DUPLICATE_METHOD_MATCH = YES;
				COPY_PHASE_STRIP = NO;
				DEBUG_INFORMATION_FORMAT = dwarf;
				ENABLE_STRICT_OBJC_MSGSEND = YES;
				ENABLE_TESTABILITY = YES;
				ENABLE_USER_SCRIPT_SANDBOXING = YES;
				GCC_C_LANGUAGE_STANDARD = gnu17;
				GCC_DYNAMIC_NO_PIC = NO;
				GCC_NO_COMMON_BLOCKS = YES;
				GCC_OPTIMIZATION_LEVEL = 0;
				GCC_PREPROCESSOR_DEFINITIONS = (
					"DEBUG=1",
					"$(inherited)",
				);
				GCC_WARN_64_TO_32_BIT_CONVERSION = YES;
				GCC_WARN_ABOUT_RETURN_TYPE = YES_ERROR;
				GCC_WARN_UNDECLARED_SELECTOR = YES;
				GCC_WARN_UNINITIALIZED_AUTOS = YES_AGGRESSIVE;
				GCC_WARN_UNUSED_FUNCTION = YES;
				GCC_WARN_UNUSED_VARIABLE = YES;
				IPHONEOS_DEPLOYMENT_TARGET = 17.0;
				LOCALIZATION_PREFERS_STRING_CATALOGS = YES;
				MTL_ENABLE_DEBUG_INFO = INCLUDE_SOURCE;
				MTL_FAST_MATH = YES;
				ONLY_ACTIVE_ARCH = YES;
				SDKROOT = iphoneos;
				SWIFT_ACTIVE_COMPILATION_CONDITIONS = "DEBUG $(inherited)";
				SWIFT_OPTIMIZATION_LEVEL = "-Onone";
			};
			name = Debug;
		};
		G1000005 /* Release */ = {
			isa = XCBuildConfiguration;
			buildSettings = {
				ALWAYS_SEARCH_USER_PATHS = NO;
				ASSETCATALOG_COMPILER_GENERATE_SWIFT_ASSET_SYMBOL_EXTENSIONS = YES;
				CLANG_ANALYZER_NONNULL = YES;
				CLANG_ANALYZER_NUMBER_OBJECT_CONVERSION = YES_AGGRESSIVE;
				CLANG_CXX_LANGUAGE_STANDARD = "gnu++20";
				CLANG_ENABLE_MODULES = YES;
				CLANG_ENABLE_OBJC_ARC = YES;
				CLANG_ENABLE_OBJC_WEAK = YES;
				CLANG_WARN_BLOCK_CAPTURE_AUTORELEASING = YES;
				CLANG_WARN_BOOL_CONVERSION = YES;
				CLANG_WARN_COMMA = YES;
				CLANG_WARN_CONSTANT_CONVERSION = YES;
				CLANG_WARN_DEPRECATED_OBJC_IMPLEMENTATIONS = YES;
				CLANG_WARN_DIRECT_OBJC_ISA_USAGE = YES_ERROR;
				CLANG_WARN_DOCUMENTATION_COMMENTS = YES;
				CLANG_WARN_EMPTY_BODY = YES;
				CLANG_WARN_ENUM_CONVERSION = YES;
				CLANG_WARN_INFINITE_RECURSION = YES;
				CLANG_WARN_INT_CONVERSION = YES;
				CLANG_WARN_NON_LITERAL_NULL_CONVERSION = YES;
				CLANG_WARN_OBJC_IMPLICIT_RETAIN_SELF = YES;
				CLANG_WARN_OBJC_LITERAL_CONVERSION = YES;
				CLANG_WARN_OBJC_ROOT_CLASS = YES_ERROR;
				CLANG_WARN_QUOTED_INCLUDE_IN_FRAMEWORK_HEADER = YES;
				CLANG_WARN_RANGE_LOOP_ANALYSIS = YES;
				CLANG_WARN_STRICT_PROTOTYPES = YES;
				CLANG_WARN_SUSPICIOUS_MOVE = YES;
				CLANG_WARN_UNGUARDED_AVAILABILITY = YES_AGGRESSIVE;
				CLANG_WARN_UNREACHABLE_CODE = YES;
				CLANG_WARN__DUPLICATE_METHOD_MATCH = YES;
				COPY_PHASE_STRIP = NO;
				DEBUG_INFORMATION_FORMAT = "dwarf-with-dsym";
				ENABLE_NS_ASSERTIONS = NO;
				ENABLE_STRICT_OBJC_MSGSEND = YES;
				ENABLE_USER_SCRIPT_SANDBOXING = YES;
				GCC_C_LANGUAGE_STANDARD = gnu17;
				GCC_NO_COMMON_BLOCKS = YES;
				GCC_WARN_64_TO_32_BIT_CONVERSION = YES;
				GCC_WARN_ABOUT_RETURN_TYPE = YES_ERROR;
				GCC_WARN_UNDECLARED_SELECTOR = YES;
				GCC_WARN_UNINITIALIZED_AUTOS = YES_AGGRESSIVE;
				GCC_WARN_UNUSED_FUNCTION = YES;
				GCC_WARN_UNUSED_VARIABLE = YES;
				IPHONEOS_DEPLOYMENT_TARGET = 17.0;
				LOCALIZATION_PREFERS_STRING_CATALOGS = YES;
				MTL_ENABLE_DEBUG_INFO = NO;
				MTL_FAST_MATH = YES;
				SDKROOT = iphoneos;
				SWIFT_COMPILATION_MODE = wholemodule;
				VALIDATE_PRODUCT = YES;
			};
			name = Release;
		};
		G1000006 /* Debug */ = {
			isa = XCBuildConfiguration;
			buildSettings = {
				ASSETCATALOG_COMPILER_APPICON_NAME = AppIcon;
				ASSETCATALOG_COMPILER_GLOBAL_ACCENT_COLOR_NAME = AccentColor;
				CODE_SIGN_STYLE = Automatic;
				CURRENT_PROJECT_VERSION = 1;
				DEVELOPMENT_ASSET_PATHS = "";
				DEVELOPMENT_TEAM = "";
				ENABLE_PREVIEWS = YES;
				GENERATE_INFOPLIST_FILE = YES;
				INFOPLIST_KEY_CFBundleDisplayName = "イルカソレ";
				INFOPLIST_KEY_NSCameraUsageDescription = "商品のバーコードや写真を撮影して商品を識別します。";
				INFOPLIST_KEY_UIApplicationSceneManifest_Generation = YES;
				INFOPLIST_KEY_UIApplicationSupportsIndirectInputEvents = YES;
				INFOPLIST_KEY_UILaunchScreen_Generation = YES;
				INFOPLIST_KEY_UISupportedInterfaceOrientations_iPad = "UIInterfaceOrientationPortrait UIInterfaceOrientationPortraitUpsideDown UIInterfaceOrientationLandscapeLeft UIInterfaceOrientationLandscapeRight";
				INFOPLIST_KEY_UISupportedInterfaceOrientations_iPhone = UIInterfaceOrientationPortrait;
				MARKETING_VERSION = 1.0;
				PRODUCT_BUNDLE_IDENTIFIER = com.irukasore.app;
				PRODUCT_NAME = "$(TARGET_NAME)";
				SWIFT_EMIT_LOC_STRINGS = YES;
				SWIFT_VERSION = 5.0;
				TARGETED_DEVICE_FAMILY = "1,2";
			};
			name = Debug;
		};
		G1000007 /* Release */ = {
			isa = XCBuildConfiguration;
			buildSettings = {
				ASSETCATALOG_COMPILER_APPICON_NAME = AppIcon;
				ASSETCATALOG_COMPILER_GLOBAL_ACCENT_COLOR_NAME = AccentColor;
				CODE_SIGN_STYLE = Automatic;
				CURRENT_PROJECT_VERSION = 1;
				DEVELOPMENT_ASSET_PATHS = "";
				DEVELOPMENT_TEAM = "";
				ENABLE_PREVIEWS = YES;
				GENERATE_INFOPLIST_FILE = YES;
				INFOPLIST_KEY_CFBundleDisplayName = "イルカソレ";
				INFOPLIST_KEY_NSCameraUsageDescription = "商品のバーコードや写真を撮影して商品を識別します。";
				INFOPLIST_KEY_UIApplicationSceneManifest_Generation = YES;
				INFOPLIST_KEY_UIApplicationSupportsIndirectInputEvents = YES;
				INFOPLIST_KEY_UILaunchScreen_Generation = YES;
				INFOPLIST_KEY_UISupportedInterfaceOrientations_iPad = "UIInterfaceOrientationPortrait UIInterfaceOrientationPortraitUpsideDown UIInterfaceOrientationLandscapeLeft UIInterfaceOrientationLandscapeRight";
				INFOPLIST_KEY_UISupportedInterfaceOrientations_iPhone = UIInterfaceOrientationPortrait;
				MARKETING_VERSION = 1.0;
				PRODUCT_BUNDLE_IDENTIFIER = com.irukasore.app;
				PRODUCT_NAME = "$(TARGET_NAME)";
				SWIFT_EMIT_LOC_STRINGS = YES;
				SWIFT_VERSION = 5.0;
				TARGETED_DEVICE_FAMILY = "1,2";
			};
			name = Release;
		};
/* End XCBuildConfiguration section */

/* Begin XCConfigurationList section */
		G1000001 /* Build configuration list for PBXProject "BuyOrNot" */ = {
			isa = XCConfigurationList;
			buildConfigurations = (
				G1000004 /* Debug */,
				G1000005 /* Release */,
			);
			defaultConfigurationIsVisible = 0;
			defaultConfigurationName = Release;
		};
		G1000003 /* Build configuration list for PBXNativeTarget "BuyOrNot" */ = {
			isa = XCConfigurationList;
			buildConfigurations = (
				G1000006 /* Debug */,
				G1000007 /* Release */,
			);
			defaultConfigurationIsVisible = 0;
			defaultConfigurationName = Release;
		};
/* End XCConfigurationList section */
	};
	rootObject = F1000004 /* Project object */;
}
